
Microsoft Visual Studio Solution File, Format Version 12.00
# Visual Studio Version 16
VisualStudioVersion = 16.0.28803.202
MinimumVisualStudioVersion = 10.0.40219.1
Project("{9A19103F-16F7-4668-BE54-9A1E7A4F7556}") = "CodeFirstSampleWebCore", "CodeFirstSampleWebCore\CodeFirstSampleWebCore.csproj", "{02690BE2-18E9-4442-885D-1F476FBFE743}"
EndProject
Project("{FAE04EC0-301F-11D3-BF4B-00C04F79EFBC}") = "BusinessLayer", "BusinessLayer\BusinessLayer.csproj", "{5079DCFA-D0AC-4D0B-90B8-EB9D8FA48726}"
EndProject
Project("{FAE04EC0-301F-11D3-BF4B-00C04F79EFBC}") = "EntitiesLayer", "EntitiesLayer\EntitiesLayer.csproj", "{51DC75C0-0A8B-4E1A-BC56-3337263FAE97}"
EndProject
Project("{FAE04EC0-301F-11D3-BF4B-00C04F79EFBC}") = "RepositoriesLayer", "RepositoriesLayer\RepositoriesLayer.csproj", "{8DB15BE7-1767-4599-8ADC-1D8518BC289B}"
EndProject
Global
	GlobalSection(SolutionConfigurationPlatforms) = preSolution
		Debug|Any CPU = Debug|Any CPU
		Release|Any CPU = Release|Any CPU
	EndGlobalSection
	GlobalSection(ProjectConfigurationPlatforms) = postSolution
		{02690BE2-18E9-4442-885D-1F476FBFE743}.Debug|Any CPU.ActiveCfg = Debug|Any CPU
		{02690BE2-18E9-4442-885D-1F476FBFE743}.Debug|Any CPU.Build.0 = Debug|Any CPU
		{02690BE2-18E9-4442-885D-1F476FBFE743}.Release|Any CPU.ActiveCfg = Release|Any CPU
		{02690BE2-18E9-4442-885D-1F476FBFE743}.Release|Any CPU.Build.0 = Release|Any CPU
		{5079DCFA-D0AC-4D0B-90B8-EB9D8FA48726}.Debug|Any CPU.ActiveCfg = Debug|Any CPU
		{5079DCFA-D0AC-4D0B-90B8-EB9D8FA48726}.Debug|Any CPU.Build.0 = Debug|Any CPU
		{5079DCFA-D0AC-4D0B-90B8-EB9D8FA48726}.Release|Any CPU.ActiveCfg = Release|Any CPU
		{5079DCFA-D0AC-4D0B-90B8-EB9D8FA48726}.Release|Any CPU.Build.0 = Release|Any CPU
		{51DC75C0-0A8B-4E1A-BC56-3337263FAE97}.Debug|Any CPU.ActiveCfg = Debug|Any CPU
		{51DC75C0-0A8B-4E1A-BC56-3337263FAE97}.Debug|Any CPU.Build.0 = Debug|Any CPU
		{51DC75C0-0A8B-4E1A-BC56-3337263FAE97}.Release|Any CPU.ActiveCfg = Release|Any CPU
		{51DC75C0-0A8B-4E1A-BC56-3337263FAE97}.Release|Any CPU.Build.0 = Release|Any CPU
		{8DB15BE7-1767-4599-8ADC-1D8518BC289B}.Debug|Any CPU.ActiveCfg = Debug|Any CPU
		{8DB15BE7-1767-4599-8ADC-1D8518BC289B}.Debug|Any CPU.Build.0 = Debug|Any CPU
		{8DB15BE7-1767-4599-8ADC-1D8518BC289B}.Release|Any CPU.ActiveCfg = Release|Any CPU
		{8DB15BE7-1767-4599-8ADC-1D8518BC289B}.Release|Any CPU.Build.0 = Release|Any CPU
	EndGlobalSection
	GlobalSection(SolutionProperties) = preSolution
		HideSolutionNode = FALSE
	EndGlobalSection
	GlobalSection(ExtensibilityGlobals) = postSolution
		SolutionGuid = {C7A6E056-8473-4AF6-87F6-0C8D29F4E717}
	EndGlobalSection
EndGlobal
